
Microsoft Visual Studio Solution File, Format Version 12.00
# Visual Studio Version 17
VisualStudioVersion = 17.3.32922.545
MinimumVisualStudioVersion = 10.0.40219.1
Project("{9A19103F-16F7-4668-BE54-9A1E7A4F7556}") = "ExcelCreateWebUI", "ExcelCreateWebUI\ExcelCreateWebUI.csproj", "{02A55DC5-E193-415E-8FAE-6242021AAE7B}"
EndProject
Project("{9A19103F-16F7-4668-BE54-9A1E7A4F7556}") = "ExcelCreatorWorkerService", "ExcelCreatorWorkerService\ExcelCreatorWorkerService.csproj", "{C9A9B981-9DD2-4C24-94ED-60455D2E8EB7}"
EndProject
Project("{FAE04EC0-301F-11D3-BF4B-00C04F79EFBC}") = "Shared", "Shared\Shared.csproj", "{D823240C-4334-4D17-B0D9-4AB5AB52E1C7}"
EndProject
Global
	GlobalSection(SolutionConfigurationPlatforms) = preSolution
		Debug|Any CPU = Debug|Any CPU
		Release|Any CPU = Release|Any CPU
	EndGlobalSection
	GlobalSection(ProjectConfigurationPlatforms) = postSolution
		{02A55DC5-E193-415E-8FAE-6242021AAE7B}.Debug|Any CPU.ActiveCfg = Debug|Any CPU
		{02A55DC5-E193-415E-8FAE-6242021AAE7B}.Debug|Any CPU.Build.0 = Debug|Any CPU
		{02A55DC5-E193-415E-8FAE-6242021AAE7B}.Release|Any CPU.ActiveCfg = Release|Any CPU
		{02A55DC5-E193-415E-8FAE-6242021AAE7B}.Release|Any CPU.Build.0 = Release|Any CPU
		{C9A9B981-9DD2-4C24-94ED-60455D2E8EB7}.Debug|Any CPU.ActiveCfg = Debug|Any CPU
		{C9A9B981-9DD2-4C24-94ED-60455D2E8EB7}.Debug|Any CPU.Build.0 = Debug|Any CPU
		{C9A9B981-9DD2-4C24-94ED-60455D2E8EB7}.Release|Any CPU.ActiveCfg = Release|Any CPU
		{C9A9B981-9DD2-4C24-94ED-60455D2E8EB7}.Release|Any CPU.Build.0 = Release|Any CPU
		{D823240C-4334-4D17-B0D9-4AB5AB52E1C7}.Debug|Any CPU.ActiveCfg = Debug|Any CPU
		{D823240C-4334-4D17-B0D9-4AB5AB52E1C7}.Debug|Any CPU.Build.0 = Debug|Any CPU
		{D823240C-4334-4D17-B0D9-4AB5AB52E1C7}.Release|Any CPU.ActiveCfg = Release|Any CPU
		{D823240C-4334-4D17-B0D9-4AB5AB52E1C7}.Release|Any CPU.Build.0 = Release|Any CPU
	EndGlobalSection
	GlobalSection(SolutionProperties) = preSolution
		HideSolutionNode = FALSE
	EndGlobalSection
	GlobalSection(ExtensibilityGlobals) = postSolution
		SolutionGuid = {896BC55C-B345-4F5A-8626-14D081439051}
	EndGlobalSection
EndGlobal
